// !$*UTF8*$!
{
	archiveVersion = 1;
	classes = {
	};
	objectVersion = 46;
	objects = {

/* Begin PBXBuildFile section */
		EC377B221ABB76530007DB34 /* Style.swift in Sources */ = {isa = PBXBuildFile; fileRef = EC377B211ABB76530007DB34 /* Style.swift */; };
		EC377B241ABB77E80007DB34 /* SearchStyleViewController.swift in Sources */ = {isa = PBXBuildFile; fileRef = EC377B231ABB77E80007DB34 /* SearchStyleViewController.swift */; };
		EC377B261ABB78140007DB34 /* StyleDetailViewController.swift in Sources */ = {isa = PBXBuildFile; fileRef = EC377B251ABB78140007DB34 /* StyleDetailViewController.swift */; };
		ECAC10761AB2099E00D198C0 /* SearchBreweryTableViewCell.swift in Sources */ = {isa = PBXBuildFile; fileRef = ECAC10751AB2099E00D198C0 /* SearchBreweryTableViewCell.swift */; };
		ECB9FEE21AAF885B00C65C15 /* BeerDetailViewController.swift in Sources */ = {isa = PBXBuildFile; fileRef = ECB9FEE11AAF885B00C65C15 /* BeerDetailViewController.swift */; };
		ECC04AEA1AA7752C009F61E6 /* AppDelegate.swift in Sources */ = {isa = PBXBuildFile; fileRef = ECC04AE91AA7752C009F61E6 /* AppDelegate.swift */; };
		ECC04AED1AA7752C009F61E6 /* Brew_Oughta_Know.xcdatamodeld in Sources */ = {isa = PBXBuildFile; fileRef = ECC04AEB1AA7752C009F61E6 /* Brew_Oughta_Know.xcdatamodeld */; };
		ECC04AF21AA7752C009F61E6 /* Main.storyboard in Resources */ = {isa = PBXBuildFile; fileRef = ECC04AF01AA7752C009F61E6 /* Main.storyboard */; };
		ECC04AF41AA7752C009F61E6 /* Images.xcassets in Resources */ = {isa = PBXBuildFile; fileRef = ECC04AF31AA7752C009F61E6 /* Images.xcassets */; };
		ECC04AF71AA7752C009F61E6 /* LaunchScreen.xib in Resources */ = {isa = PBXBuildFile; fileRef = ECC04AF51AA7752C009F61E6 /* LaunchScreen.xib */; };
		ECC04B031AA7752C009F61E6 /* Brew_Oughta_KnowTests.swift in Sources */ = {isa = PBXBuildFile; fileRef = ECC04B021AA7752C009F61E6 /* Brew_Oughta_KnowTests.swift */; };
		ECC04B161AA7A971009F61E6 /* NetworkController.swift in Sources */ = {isa = PBXBuildFile; fileRef = ECC04B151AA7A971009F61E6 /* NetworkController.swift */; };
		ECC04B181AA8C632009F61E6 /* Beer.swift in Sources */ = {isa = PBXBuildFile; fileRef = ECC04B171AA8C632009F61E6 /* Beer.swift */; };
		ECC04B1A1AAA1FBD009F61E6 /* SearchBreweryViewController.swift in Sources */ = {isa = PBXBuildFile; fileRef = ECC04B191AAA1FBD009F61E6 /* SearchBreweryViewController.swift */; };
		ECC04B1C1AAA1FE0009F61E6 /* SearchBeerViewController.swift in Sources */ = {isa = PBXBuildFile; fileRef = ECC04B1B1AAA1FE0009F61E6 /* SearchBeerViewController.swift */; };
		ECC04B1E1AAA292A009F61E6 /* Brewery.swift in Sources */ = {isa = PBXBuildFile; fileRef = ECC04B1D1AAA292A009F61E6 /* Brewery.swift */; };
		ECC04B201AAE500B009F61E6 /* BreweryDetailViewController.swift in Sources */ = {isa = PBXBuildFile; fileRef = ECC04B1F1AAE500B009F61E6 /* BreweryDetailViewController.swift */; };
/* End PBXBuildFile section */

/* Begin PBXContainerItemProxy section */
		ECC04AFD1AA7752C009F61E6 /* PBXContainerItemProxy */ = {
			isa = PBXContainerItemProxy;
			containerPortal = ECC04ADC1AA7752C009F61E6 /* Project object */;
			proxyType = 1;
			remoteGlobalIDString = ECC04AE31AA7752C009F61E6;
			remoteInfo = Brew_Oughta_Know;
		};
/* End PBXContainerItemProxy section */

/* Begin PBXFileReference section */
		EC377B211ABB76530007DB34 /* Style.swift */ = {isa = PBXFileReference; fileEncoding = 4; lastKnownFileType = sourcecode.swift; path = Style.swift; sourceTree = "<group>"; };
		EC377B231ABB77E80007DB34 /* SearchStyleViewController.swift */ = {isa = PBXFileReference; fileEncoding = 4; lastKnownFileType = sourcecode.swift; path = SearchStyleViewController.swift; sourceTree = "<group>"; };
		EC377B251ABB78140007DB34 /* StyleDetailViewController.swift */ = {isa = PBXFileReference; fileEncoding = 4; lastKnownFileType = sourcecode.swift; path = StyleDetailViewController.swift; sourceTree = "<group>"; };
		ECAC10751AB2099E00D198C0 /* SearchBreweryTableViewCell.swift */ = {isa = PBXFileReference; fileEncoding = 4; lastKnownFileType = sourcecode.swift; path = SearchBreweryTableViewCell.swift; sourceTree = "<group>"; };
		ECB9FEE11AAF885B00C65C15 /* BeerDetailViewController.swift */ = {isa = PBXFileReference; fileEncoding = 4; lastKnownFileType = sourcecode.swift; path = BeerDetailViewController.swift; sourceTree = "<group>"; };
		ECC04AE41AA7752C009F61E6 /* Brew_Oughta_Know.app */ = {isa = PBXFileReference; explicitFileType = wrapper.application; includeInIndex = 0; path = Brew_Oughta_Know.app; sourceTree = BUILT_PRODUCTS_DIR; };
		ECC04AE81AA7752C009F61E6 /* Info.plist */ = {isa = PBXFileReference; lastKnownFileType = text.plist.xml; path = Info.plist; sourceTree = "<group>"; };
		ECC04AE91AA7752C009F61E6 /* AppDelegate.swift */ = {isa = PBXFileReference; lastKnownFileType = sourcecode.swift; path = AppDelegate.swift; sourceTree = "<group>"; };
		ECC04AEC1AA7752C009F61E6 /* Brew_Oughta_Know.xcdatamodel */ = {isa = PBXFileReference; lastKnownFileType = wrapper.xcdatamodel; path = Brew_Oughta_Know.xcdatamodel; sourceTree = "<group>"; };
		ECC04AF11AA7752C009F61E6 /* Base */ = {isa = PBXFileReference; lastKnownFileType = file.storyboard; name = Base; path = Base.lproj/Main.storyboard; sourceTree = "<group>"; };
		ECC04AF31AA7752C009F61E6 /* Images.xcassets */ = {isa = PBXFileReference; lastKnownFileType = folder.assetcatalog; path = Images.xcassets; sourceTree = "<group>"; };
		ECC04AF61AA7752C009F61E6 /* Base */ = {isa = PBXFileReference; lastKnownFileType = file.xib; name = Base; path = Base.lproj/LaunchScreen.xib; sourceTree = "<group>"; };
		ECC04AFC1AA7752C009F61E6 /* Brew_Oughta_KnowTests.xctest */ = {isa = PBXFileReference; explicitFileType = wrapper.cfbundle; includeInIndex = 0; path = Brew_Oughta_KnowTests.xctest; sourceTree = BUILT_PRODUCTS_DIR; };
		ECC04B011AA7752C009F61E6 /* Info.plist */ = {isa = PBXFileReference; lastKnownFileType = text.plist.xml; path = Info.plist; sourceTree = "<group>"; };
		ECC04B021AA7752C009F61E6 /* Brew_Oughta_KnowTests.swift */ = {isa = PBXFileReference; lastKnownFileType = sourcecode.swift; path = Brew_Oughta_KnowTests.swift; sourceTree = "<group>"; };
		ECC04B151AA7A971009F61E6 /* NetworkController.swift */ = {isa = PBXFileReference; fileEncoding = 4; lastKnownFileType = sourcecode.swift; path = NetworkController.swift; sourceTree = "<group>"; };
		ECC04B171AA8C632009F61E6 /* Beer.swift */ = {isa = PBXFileReference; fileEncoding = 4; lastKnownFileType = sourcecode.swift; path = Beer.swift; sourceTree = "<group>"; };
		ECC04B191AAA1FBD009F61E6 /* SearchBreweryViewController.swift */ = {isa = PBXFileReference; fileEncoding = 4; lastKnownFileType = sourcecode.swift; path = SearchBreweryViewController.swift; sourceTree = "<group>"; };
		ECC04B1B1AAA1FE0009F61E6 /* SearchBeerViewController.swift */ = {isa = PBXFileReference; fileEncoding = 4; lastKnownFileType = sourcecode.swift; path = SearchBeerViewController.swift; sourceTree = "<group>"; };
		ECC04B1D1AAA292A009F61E6 /* Brewery.swift */ = {isa = PBXFileReference; fileEncoding = 4; lastKnownFileType = sourcecode.swift; path = Brewery.swift; sourceTree = "<group>"; };
		ECC04B1F1AAE500B009F61E6 /* BreweryDetailViewController.swift */ = {isa = PBXFileReference; fileEncoding = 4; lastKnownFileType = sourcecode.swift; path = BreweryDetailViewController.swift; sourceTree = "<group>"; };
/* End PBXFileReference section */

/* Begin PBXFrameworksBuildPhase section */
		ECC04AE11AA7752C009F61E6 /* Frameworks */ = {
			isa = PBXFrameworksBuildPhase;
			buildActionMask = 2147483647;
			files = (
			);
			runOnlyForDeploymentPostprocessing = 0;
		};
		ECC04AF91AA7752C009F61E6 /* Frameworks */ = {
			isa = PBXFrameworksBuildPhase;
			buildActionMask = 2147483647;
			files = (
			);
			runOnlyForDeploymentPostprocessing = 0;
		};
/* End PBXFrameworksBuildPhase section */

/* Begin PBXGroup section */
		ECC04ADB1AA7752C009F61E6 = {
			isa = PBXGroup;
			children = (
				ECC04AE61AA7752C009F61E6 /* Brew_Oughta_Know */,
				ECC04AFF1AA7752C009F61E6 /* Brew_Oughta_KnowTests */,
				ECC04AE51AA7752C009F61E6 /* Products */,
			);
			sourceTree = "<group>";
		};
		ECC04AE51AA7752C009F61E6 /* Products */ = {
			isa = PBXGroup;
			children = (
				ECC04AE41AA7752C009F61E6 /* Brew_Oughta_Know.app */,
				ECC04AFC1AA7752C009F61E6 /* Brew_Oughta_KnowTests.xctest */,
			);
			name = Products;
			sourceTree = "<group>";
		};
		ECC04AE61AA7752C009F61E6 /* Brew_Oughta_Know */ = {
			isa = PBXGroup;
			children = (
				ECC04B0E1AA7A11D009F61E6 /* Model */,
				ECC04B0F1AA7A126009F61E6 /* View */,
				ECC04B101AA7A12F009F61E6 /* Controller */,
				ECC04AE71AA7752C009F61E6 /* Supporting Files */,
			);
			path = Brew_Oughta_Know;
			sourceTree = "<group>";
		};
		ECC04AE71AA7752C009F61E6 /* Supporting Files */ = {
			isa = PBXGroup;
			children = (
				ECC04AE81AA7752C009F61E6 /* Info.plist */,
			);
			name = "Supporting Files";
			sourceTree = "<group>";
		};
		ECC04AFF1AA7752C009F61E6 /* Brew_Oughta_KnowTests */ = {
			isa = PBXGroup;
			children = (
				ECC04B021AA7752C009F61E6 /* Brew_Oughta_KnowTests.swift */,
				ECC04B001AA7752C009F61E6 /* Supporting Files */,
			);
			path = Brew_Oughta_KnowTests;
			sourceTree = "<group>";
		};
		ECC04B001AA7752C009F61E6 /* Supporting Files */ = {
			isa = PBXGroup;
			children = (
				ECC04B011AA7752C009F61E6 /* Info.plist */,
			);
			name = "Supporting Files";
			sourceTree = "<group>";
		};
		ECC04B0E1AA7A11D009F61E6 /* Model */ = {
			isa = PBXGroup;
			children = (
				ECC04B171AA8C632009F61E6 /* Beer.swift */,
				ECC04B1D1AAA292A009F61E6 /* Brewery.swift */,
				EC377B211ABB76530007DB34 /* Style.swift */,
				ECC04AE91AA7752C009F61E6 /* AppDelegate.swift */,
				ECC04AEB1AA7752C009F61E6 /* Brew_Oughta_Know.xcdatamodeld */,
			);
			name = Model;
			sourceTree = "<group>";
		};
		ECC04B0F1AA7A126009F61E6 /* View */ = {
			isa = PBXGroup;
			children = (
				ECC04AF01AA7752C009F61E6 /* Main.storyboard */,
				ECC04AF51AA7752C009F61E6 /* LaunchScreen.xib */,
				ECC04AF31AA7752C009F61E6 /* Images.xcassets */,
			);
			name = View;
			sourceTree = "<group>";
		};
		ECC04B101AA7A12F009F61E6 /* Controller */ = {
			isa = PBXGroup;
			children = (
				ECC04B1B1AAA1FE0009F61E6 /* SearchBeerViewController.swift */,
				ECB9FEE11AAF885B00C65C15 /* BeerDetailViewController.swift */,
				ECC04B191AAA1FBD009F61E6 /* SearchBreweryViewController.swift */,
				ECC04B1F1AAE500B009F61E6 /* BreweryDetailViewController.swift */,
				ECAC10751AB2099E00D198C0 /* SearchBreweryTableViewCell.swift */,
				EC377B231ABB77E80007DB34 /* SearchStyleViewController.swift */,
				EC377B251ABB78140007DB34 /* StyleDetailViewController.swift */,
				ECC04B151AA7A971009F61E6 /* NetworkController.swift */,
			);
			name = Controller;
			sourceTree = "<group>";
		};
/* End PBXGroup section */

/* Begin PBXNativeTarget section */
		ECC04AE31AA7752C009F61E6 /* Brew_Oughta_Know */ = {
			isa = PBXNativeTarget;
			buildConfigurationList = ECC04B061AA7752C009F61E6 /* Build configuration list for PBXNativeTarget "Brew_Oughta_Know" */;
			buildPhases = (
				ECC04AE01AA7752C009F61E6 /* Sources */,
				ECC04AE11AA7752C009F61E6 /* Frameworks */,
				ECC04AE21AA7752C009F61E6 /* Resources */,
			);
			buildRules = (
			);
			dependencies = (
			);
			name = Brew_Oughta_Know;
			productName = Brew_Oughta_Know;
			productReference = ECC04AE41AA7752C009F61E6 /* Brew_Oughta_Know.app */;
			productType = "com.apple.product-type.application";
		};
		ECC04AFB1AA7752C009F61E6 /* Brew_Oughta_KnowTests */ = {
			isa = PBXNativeTarget;
			buildConfigurationList = ECC04B091AA7752C009F61E6 /* Build configuration list for PBXNativeTarget "Brew_Oughta_KnowTests" */;
			buildPhases = (
				ECC04AF81AA7752C009F61E6 /* Sources */,
				ECC04AF91AA7752C009F61E6 /* Frameworks */,
				ECC04AFA1AA7752C009F61E6 /* Resources */,
			);
			buildRules = (
			);
			dependencies = (
				ECC04AFE1AA7752C009F61E6 /* PBXTargetDependency */,
			);
			name = Brew_Oughta_KnowTests;
			productName = Brew_Oughta_KnowTests;
			productReference = ECC04AFC1AA7752C009F61E6 /* Brew_Oughta_KnowTests.xctest */;
			productType = "com.apple.product-type.bundle.unit-test";
		};
/* End PBXNativeTarget section */

/* Begin PBXProject section */
		ECC04ADC1AA7752C009F61E6 /* Project object */ = {
			isa = PBXProject;
			attributes = {
				LastUpgradeCheck = 0610;
				ORGANIZATIONNAME = pLandin;
				TargetAttributes = {
					ECC04AE31AA7752C009F61E6 = {
						CreatedOnToolsVersion = 6.1.1;
					};
					ECC04AFB1AA7752C009F61E6 = {
						CreatedOnToolsVersion = 6.1.1;
						TestTargetID = ECC04AE31AA7752C009F61E6;
					};
				};
			};
			buildConfigurationList = ECC04ADF1AA7752C009F61E6 /* Build configuration list for PBXProject "Brew_Oughta_Know" */;
			compatibilityVersion = "Xcode 3.2";
			developmentRegion = English;
			hasScannedForEncodings = 0;
			knownRegions = (
				en,
				Base,
			);
			mainGroup = ECC04ADB1AA7752C009F61E6;
			productRefGroup = ECC04AE51AA7752C009F61E6 /* Products */;
			projectDirPath = "";
			projectRoot = "";
			targets = (
				ECC04AE31AA7752C009F61E6 /* Brew_Oughta_Know */,
				ECC04AFB1AA7752C009F61E6 /* Brew_Oughta_KnowTests */,
			);
		};
/* End PBXProject section */

/* Begin PBXResourcesBuildPhase section */
		ECC04AE21AA7752C009F61E6 /* Resources */ = {
			isa = PBXResourcesBuildPhase;
			buildActionMask = 2147483647;
			files = (
				ECC04AF21AA7752C009F61E6 /* Main.storyboard in Resources */,
				ECC04AF71AA7752C009F61E6 /* LaunchScreen.xib in Resources */,
				ECC04AF41AA7752C009F61E6 /* Images.xcassets in Resources */,
			);
			runOnlyForDeploymentPostprocessing = 0;
		};
		ECC04AFA1AA7752C009F61E6 /* Resources */ = {
			isa = PBXResourcesBuildPhase;
			buildActionMask = 2147483647;
			files = (
			);
			runOnlyForDeploymentPostprocessing = 0;
		};
/* End PBXResourcesBuildPhase section */

/* Begin PBXSourcesBuildPhase section */
		ECC04AE01AA7752C009F61E6 /* Sources */ = {
			isa = PBXSourcesBuildPhase;
			buildActionMask = 2147483647;
			files = (
				ECC04B161AA7A971009F61E6 /* NetworkController.swift in Sources */,
				EC377B261ABB78140007DB34 /* StyleDetailViewController.swift in Sources */,
				ECC04B1A1AAA1FBD009F61E6 /* SearchBreweryViewController.swift in Sources */,
				ECC04B201AAE500B009F61E6 /* BreweryDetailViewController.swift in Sources */,
				ECC04B181AA8C632009F61E6 /* Beer.swift in Sources */,
				EC377B241ABB77E80007DB34 /* SearchStyleViewController.swift in Sources */,
				ECC04B1E1AAA292A009F61E6 /* Brewery.swift in Sources */,
				ECC04AED1AA7752C009F61E6 /* Brew_Oughta_Know.xcdatamodeld in Sources */,
				ECC04B1C1AAA1FE0009F61E6 /* SearchBeerViewController.swift in Sources */,
				ECB9FEE21AAF885B00C65C15 /* BeerDetailViewController.swift in Sources */,
				ECAC10761AB2099E00D198C0 /* SearchBreweryTableViewCell.swift in Sources */,
				ECC04AEA1AA7752C009F61E6 /* AppDelegate.swift in Sources */,
				EC377B221ABB76530007DB34 /* Style.swift in Sources */,
			);
			runOnlyForDeploymentPostprocessing = 0;
		};
		ECC04AF81AA7752C009F61E6 /* Sources */ = {
			isa = PBXSourcesBuildPhase;
			buildActionMask = 2147483647;
			files = (
				ECC04B031AA7752C009F61E6 /* Brew_Oughta_KnowTests.swift in Sources */,
			);
			runOnlyForDeploymentPostprocessing = 0;
		};
/* End PBXSourcesBuildPhase section */

/* Begin PBXTargetDependency section */
		ECC04AFE1AA7752C009F61E6 /* PBXTargetDependency */ = {
			isa = PBXTargetDependency;
			target = ECC04AE31AA7752C009F61E6 /* Brew_Oughta_Know */;
			targetProxy = ECC04AFD1AA7752C009F61E6 /* PBXContainerItemProxy */;
		};
/* End PBXTargetDependency section */

/* Begin PBXVariantGroup section */
		ECC04AF01AA7752C009F61E6 /* Main.storyboard */ = {
			isa = PBXVariantGroup;
			children = (
				ECC04AF11AA7752C009F61E6 /* Base */,
			);
			name = Main.storyboard;
			sourceTree = "<group>";
		};
		ECC04AF51AA7752C009F61E6 /* LaunchScreen.xib */ = {
			isa = PBXVariantGroup;
			children = (
				ECC04AF61AA7752C009F61E6 /* Base */,
			);
			name = LaunchScreen.xib;
			sourceTree = "<group>";
		};
/* End PBXVariantGroup section */

/* Begin XCBuildConfiguration section */
		ECC04B041AA7752C009F61E6 /* Debug */ = {
			isa = XCBuildConfiguration;
			buildSettings = {
				ALWAYS_SEARCH_USER_PATHS = NO;
				CLANG_CXX_LANGUAGE_STANDARD = "gnu++0x";
				CLANG_CXX_LIBRARY = "libc++";
				CLANG_ENABLE_MODULES = YES;
				CLANG_ENABLE_OBJC_ARC = YES;
				CLANG_WARN_BOOL_CONVERSION = YES;
				CLANG_WARN_CONSTANT_CONVERSION = YES;
				CLANG_WARN_DIRECT_OBJC_ISA_USAGE = YES_ERROR;
				CLANG_WARN_EMPTY_BODY = YES;
				CLANG_WARN_ENUM_CONVERSION = YES;
				CLANG_WARN_INT_CONVERSION = YES;
				CLANG_WARN_OBJC_ROOT_CLASS = YES_ERROR;
				CLANG_WARN_UNREACHABLE_CODE = YES;
				CLANG_WARN__DUPLICATE_METHOD_MATCH = YES;
				"CODE_SIGN_IDENTITY[sdk=iphoneos*]" = "iPhone Developer";
				COPY_PHASE_STRIP = NO;
				ENABLE_STRICT_OBJC_MSGSEND = YES;
				GCC_C_LANGUAGE_STANDARD = gnu99;
				GCC_DYNAMIC_NO_PIC = NO;
				GCC_OPTIMIZATION_LEVEL = 0;
				GCC_PREPROCESSOR_DEFINITIONS = (
					"DEBUG=1",
					"$(inherited)",
				);
				GCC_SYMBOLS_PRIVATE_EXTERN = NO;
				GCC_WARN_64_TO_32_BIT_CONVERSION = YES;
				GCC_WARN_ABOUT_RETURN_TYPE = YES_ERROR;
				GCC_WARN_UNDECLARED_SELECTOR = YES;
				GCC_WARN_UNINITIALIZED_AUTOS = YES_AGGRESSIVE;
				GCC_WARN_UNUSED_FUNCTION = YES;
				GCC_WARN_UNUSED_VARIABLE = YES;
				IPHONEOS_DEPLOYMENT_TARGET = 8.3;
				MTL_ENABLE_DEBUG_INFO = YES;
				ONLY_ACTIVE_ARCH = YES;
				SDKROOT = iphoneos;
				SWIFT_OPTIMIZATION_LEVEL = "-Onone";
				TARGETED_DEVICE_FAMILY = "1,2";
			};
			name = Debug;
		};
		ECC04B051AA7752C009F61E6 /* Release */ = {
			isa = XCBuildConfiguration;
			buildSettings = {
				ALWAYS_SEARCH_USER_PATHS = NO;
				CLANG_CXX_LANGUAGE_STANDARD = "gnu++0x";
				CLANG_CXX_LIBRARY = "libc++";
				CLANG_ENABLE_MODULES = YES;
				CLANG_ENABLE_OBJC_ARC = YES;
				CLANG_WARN_BOOL_CONVERSION = YES;
				CLANG_WARN_CONSTANT_CONVERSION = YES;
				CLANG_WARN_DIRECT_OBJC_ISA_USAGE = YES_ERROR;
				CLANG_WARN_EMPTY_BODY = YES;
				CLANG_WARN_ENUM_CONVERSION = YES;
				CLANG_WARN_INT_CONVERSION = YES;
				CLANG_WARN_OBJC_ROOT_CLASS = YES_ERROR;
				CLANG_WARN_UNREACHABLE_CODE = YES;
				CLANG_WARN__DUPLICATE_METHOD_MATCH = YES;
				"CODE_SIGN_IDENTITY[sdk=iphoneos*]" = "iPhone Developer";
				COPY_PHASE_STRIP = YES;
				ENABLE_NS_ASSERTIONS = NO;
				ENABLE_STRICT_OBJC_MSGSEND = YES;
				GCC_C_LANGUAGE_STANDARD = gnu99;
				GCC_WARN_64_TO_32_BIT_CONVERSION = YES;
				GCC_WARN_ABOUT_RETURN_TYPE = YES_ERROR;
				GCC_WARN_UNDECLARED_SELECTOR = YES;
				GCC_WARN_UNINITIALIZED_AUTOS = YES_AGGRESSIVE;
				GCC_WARN_UNUSED_FUNCTION = YES;
				GCC_WARN_UNUSED_VARIABLE = YES;
				IPHONEOS_DEPLOYMENT_TARGET = 8.3;
				MTL_ENABLE_DEBUG_INFO = NO;
				SDKROOT = iphoneos;
				TARGETED_DEVICE_FAMILY = "1,2";
				VALIDATE_PRODUCT = YES;
			};
			name = Release;
		};
		ECC04B071AA7752C009F61E6 /* Debug */ = {
			isa = XCBuildConfiguration;
			buildSettings = {
				ASSETCATALOG_COMPILER_APPICON_NAME = AppIcon;
				INFOPLIST_FILE = Brew_Oughta_Know/Info.plist;
				LD_RUNPATH_SEARCH_PATHS = "$(inherited) @executable_path/Frameworks";
				PRODUCT_NAME = "$(TARGET_NAME)";
			};
			name = Debug;
		};
		ECC04B081AA7752C009F61E6 /* Release */ = {
			isa = XCBuildConfiguration;
			buildSettings = {
				ASSETCATALOG_COMPILER_APPICON_NAME = AppIcon;
				INFOPLIST_FILE = Brew_Oughta_Know/Info.plist;
				LD_RUNPATH_SEARCH_PATHS = "$(inherited) @executable_path/Frameworks";
				PRODUCT_NAME = "$(TARGET_NAME)";
			};
			name = Release;
		};
		ECC04B0A1AA7752C009F61E6 /* Debug */ = {
			isa = XCBuildConfiguration;
			buildSettings = {
				BUNDLE_LOADER = "$(TEST_HOST)";
				FRAMEWORK_SEARCH_PATHS = (
					"$(SDKROOT)/Developer/Library/Frameworks",
					"$(inherited)",
				);
				GCC_PREPROCESSOR_DEFINITIONS = (
					"DEBUG=1",
					"$(inherited)",
				);
				INFOPLIST_FILE = Brew_Oughta_KnowTests/Info.plist;
				LD_RUNPATH_SEARCH_PATHS = "$(inherited) @executable_path/Frameworks @loader_path/Frameworks";
				PRODUCT_NAME = "$(TARGET_NAME)";
				TEST_HOST = "$(BUILT_PRODUCTS_DIR)/Brew_Oughta_Know.app/Brew_Oughta_Know";
			};
			name = Debug;
		};
		ECC04B0B1AA7752C009F61E6 /* Release */ = {
			isa = XCBuildConfiguration;
			buildSettings = {
				BUNDLE_LOADER = "$(TEST_HOST)";
				FRAMEWORK_SEARCH_PATHS = (
					"$(SDKROOT)/Developer/Library/Frameworks",
					"$(inherited)",
				);
				INFOPLIST_FILE = Brew_Oughta_KnowTests/Info.plist;
				LD_RUNPATH_SEARCH_PATHS = "$(inherited) @executable_path/Frameworks @loader_path/Frameworks";
				PRODUCT_NAME = "$(TARGET_NAME)";
				TEST_HOST = "$(BUILT_PRODUCTS_DIR)/Brew_Oughta_Know.app/Brew_Oughta_Know";
			};
			name = Release;
		};
/* End XCBuildConfiguration section */

/* Begin XCConfigurationList section */
		ECC04ADF1AA7752C009F61E6 /* Build configuration list for PBXProject "Brew_Oughta_Know" */ = {
			isa = XCConfigurationList;
			buildConfigurations = (
				ECC04B041AA7752C009F61E6 /* Debug */,
				ECC04B051AA7752C009F61E6 /* Release */,
			);
			defaultConfigurationIsVisible = 0;
			defaultConfigurationName = Release;
		};
		ECC04B061AA7752C009F61E6 /* Build configuration list for PBXNativeTarget "Brew_Oughta_Know" */ = {
			isa = XCConfigurationList;
			buildConfigurations = (
				ECC04B071AA7752C009F61E6 /* Debug */,
				ECC04B081AA7752C009F61E6 /* Release */,
			);
			defaultConfigurationIsVisible = 0;
			defaultConfigurationName = Release;
		};
		ECC04B091AA7752C009F61E6 /* Build configuration list for PBXNativeTarget "Brew_Oughta_KnowTests" */ = {
			isa = XCConfigurationList;
			buildConfigurations = (
				ECC04B0A1AA7752C009F61E6 /* Debug */,
				ECC04B0B1AA7752C009F61E6 /* Release */,
			);
			defaultConfigurationIsVisible = 0;
			defaultConfigurationName = Release;
		};
/* End XCConfigurationList section */

/* Begin XCVersionGroup section */
		ECC04AEB1AA7752C009F61E6 /* Brew_Oughta_Know.xcdatamodeld */ = {
			isa = XCVersionGroup;
			children = (
				ECC04AEC1AA7752C009F61E6 /* Brew_Oughta_Know.xcdatamodel */,
			);
			currentVersion = ECC04AEC1AA7752C009F61E6 /* Brew_Oughta_Know.xcdatamodel */;
			path = Brew_Oughta_Know.xcdatamodeld;
			sourceTree = "<group>";
			versionGroupType = wrapper.xcdatamodel;
		};
/* End XCVersionGroup section */
	};
	rootObject = ECC04ADC1AA7752C009F61E6 /* Project object */;
}
